
Microsoft Visual Studio Solution File, Format Version 12.00
# Visual Studio Version 17
VisualStudioVersion = 17.5.33627.172
MinimumVisualStudioVersion = 10.0.40219.1
Project("{2150E333-8FDC-42A3-9474-1A3956D46DE8}") = "APP_CORE", "APP_CORE", "{2D66AB13-0A0A-47C0-9CCF-D0FB83A3D4E8}"
EndProject
Project("{9A19103F-16F7-4668-BE54-9A1E7A4F7556}") = "App.Core.Common", "APP_CORE\App.Core.Common\App.Core.Common.csproj", "{CF484680-DEB0-40D4-84AD-5CC713CB2BE3}"
EndProject
Project("{9A19103F-16F7-4668-BE54-9A1E7A4F7556}") = "Api.Gateway.Api", "API.GateWay\Api.Gateway.Api.csproj", "{E4305529-FDDD-49AC-965B-4E89BFC778A1}"
EndProject
Project("{2150E333-8FDC-42A3-9474-1A3956D46DE8}") = "APP-GIS", "APP-GIS", "{6AF1DA64-8D62-4898-A7E6-2647850F9BD8}"
EndProject
Project("{2150E333-8FDC-42A3-9474-1A3956D46DE8}") = "APP_GIS_DAL", "APP_GIS_DAL", "{FA91E66E-ABE4-4C65-B27F-45AF3084BF7F}"
EndProject
Project("{9A19103F-16F7-4668-BE54-9A1E7A4F7556}") = "App.ConganGis.Api", "APP-GIS\App.ConganGis.Api\App.ConganGis.Api.csproj", "{673A7F15-E2CB-4DB0-A746-AC1E51A74C0C}"
EndProject
Project("{9A19103F-16F7-4668-BE54-9A1E7A4F7556}") = "App.ConganGis.Services", "APP-GIS\App.ConganGis.Services\App.ConganGis.Services.csproj", "{B7719A2F-E913-440F-B929-A4278F93E2C7}"
EndProject
Project("{9A19103F-16F7-4668-BE54-9A1E7A4F7556}") = "App.CongAnGis.Dal", "APP-GIS\APP_GIS_DAL\DatabaseGeneric\App.CongAnGis.Dal.csproj", "{A50328FC-6A57-4F56-B4D4-D9DDB0560033}"
EndProject
Project("{9A19103F-16F7-4668-BE54-9A1E7A4F7556}") = "App.CongAnGis.DalDBSpecific", "APP-GIS\APP_GIS_DAL\DatabaseSpecific\App.CongAnGis.DalDBSpecific.csproj", "{CCC3C0D7-06B2-463F-B979-4D948109E9E0}"
EndProject
Project("{2150E333-8FDC-42A3-9474-1A3956D46DE8}") = "APP-QTHT-GIS", "APP-QTHT-GIS", "{071DB255-22D1-4323-AB5F-55A5B79F83CF}"
EndProject
Project("{9A19103F-16F7-4668-BE54-9A1E7A4F7556}") = "App.Qtht.Gis.Api", "APP-QTHT-GIS\App.Qtht.Gis.Api\App.Qtht.Gis.Api.csproj", "{911F2689-6976-4428-B1AE-214B4169A192}"
EndProject
Project("{9A19103F-16F7-4668-BE54-9A1E7A4F7556}") = "App.Qtht.Gis.Services", "APP-QTHT-GIS\App.Qtht.Gis.Services\App.Qtht.Gis.Services.csproj", "{439DADA2-5B3F-4ADB-A508-3D47C2D0E3ED}"
EndProject
Project("{2150E333-8FDC-42A3-9474-1A3956D46DE8}") = "APP_QTHT_GIS_DAL", "APP_QTHT_GIS_DAL", "{F3B63E39-F392-4105-926D-C2BE3C9AFD8C}"
EndProject
Project("{9A19103F-16F7-4668-BE54-9A1E7A4F7556}") = "App.Qtht.Gis.Dal", "APP-QTHT-GIS\APP_QTHT_GIS_DAL\DatabaseGeneric\App.Qtht.Gis.Dal.csproj", "{EAF8BB78-275F-4945-8B63-4A68CA41DBCC}"
EndProject
Project("{9A19103F-16F7-4668-BE54-9A1E7A4F7556}") = "App.Qtht.Gis.DalDBSpecific", "APP-QTHT-GIS\APP_QTHT_GIS_DAL\DatabaseSpecific\App.Qtht.Gis.DalDBSpecific.csproj", "{B66BA420-0A00-40F4-B96B-69F9F139930F}"
EndProject
Global
	GlobalSection(SolutionConfigurationPlatforms) = preSolution
		Debug|Any CPU = Debug|Any CPU
		Release|Any CPU = Release|Any CPU
	EndGlobalSection
	GlobalSection(ProjectConfigurationPlatforms) = postSolution
		{CF484680-DEB0-40D4-84AD-5CC713CB2BE3}.Debug|Any CPU.ActiveCfg = Debug|Any CPU
		{CF484680-DEB0-40D4-84AD-5CC713CB2BE3}.Debug|Any CPU.Build.0 = Debug|Any CPU
		{CF484680-DEB0-40D4-84AD-5CC713CB2BE3}.Release|Any CPU.ActiveCfg = Release|Any CPU
		{CF484680-DEB0-40D4-84AD-5CC713CB2BE3}.Release|Any CPU.Build.0 = Release|Any CPU
		{E4305529-FDDD-49AC-965B-4E89BFC778A1}.Debug|Any CPU.ActiveCfg = Debug|Any CPU
		{E4305529-FDDD-49AC-965B-4E89BFC778A1}.Debug|Any CPU.Build.0 = Debug|Any CPU
		{E4305529-FDDD-49AC-965B-4E89BFC778A1}.Release|Any CPU.ActiveCfg = Release|Any CPU
		{E4305529-FDDD-49AC-965B-4E89BFC778A1}.Release|Any CPU.Build.0 = Release|Any CPU
		{673A7F15-E2CB-4DB0-A746-AC1E51A74C0C}.Debug|Any CPU.ActiveCfg = Debug|Any CPU
		{673A7F15-E2CB-4DB0-A746-AC1E51A74C0C}.Debug|Any CPU.Build.0 = Debug|Any CPU
		{673A7F15-E2CB-4DB0-A746-AC1E51A74C0C}.Release|Any CPU.ActiveCfg = Release|Any CPU
		{673A7F15-E2CB-4DB0-A746-AC1E51A74C0C}.Release|Any CPU.Build.0 = Release|Any CPU
		{B7719A2F-E913-440F-B929-A4278F93E2C7}.Debug|Any CPU.ActiveCfg = Debug|Any CPU
		{B7719A2F-E913-440F-B929-A4278F93E2C7}.Debug|Any CPU.Build.0 = Debug|Any CPU
		{B7719A2F-E913-440F-B929-A4278F93E2C7}.Release|Any CPU.ActiveCfg = Release|Any CPU
		{B7719A2F-E913-440F-B929-A4278F93E2C7}.Release|Any CPU.Build.0 = Release|Any CPU
		{A50328FC-6A57-4F56-B4D4-D9DDB0560033}.Debug|Any CPU.ActiveCfg = Debug|Any CPU
		{A50328FC-6A57-4F56-B4D4-D9DDB0560033}.Debug|Any CPU.Build.0 = Debug|Any CPU
		{A50328FC-6A57-4F56-B4D4-D9DDB0560033}.Release|Any CPU.ActiveCfg = Release|Any CPU
		{A50328FC-6A57-4F56-B4D4-D9DDB0560033}.Release|Any CPU.Build.0 = Release|Any CPU
		{CCC3C0D7-06B2-463F-B979-4D948109E9E0}.Debug|Any CPU.ActiveCfg = Debug|Any CPU
		{CCC3C0D7-06B2-463F-B979-4D948109E9E0}.Debug|Any CPU.Build.0 = Debug|Any CPU
		{CCC3C0D7-06B2-463F-B979-4D948109E9E0}.Release|Any CPU.ActiveCfg = Release|Any CPU
		{CCC3C0D7-06B2-463F-B979-4D948109E9E0}.Release|Any CPU.Build.0 = Release|Any CPU
		{911F2689-6976-4428-B1AE-214B4169A192}.Debug|Any CPU.ActiveCfg = Debug|Any CPU
		{911F2689-6976-4428-B1AE-214B4169A192}.Debug|Any CPU.Build.0 = Debug|Any CPU
		{911F2689-6976-4428-B1AE-214B4169A192}.Release|Any CPU.ActiveCfg = Release|Any CPU
		{911F2689-6976-4428-B1AE-214B4169A192}.Release|Any CPU.Build.0 = Release|Any CPU
		{439DADA2-5B3F-4ADB-A508-3D47C2D0E3ED}.Debug|Any CPU.ActiveCfg = Debug|Any CPU
		{439DADA2-5B3F-4ADB-A508-3D47C2D0E3ED}.Debug|Any CPU.Build.0 = Debug|Any CPU
		{439DADA2-5B3F-4ADB-A508-3D47C2D0E3ED}.Release|Any CPU.ActiveCfg = Release|Any CPU
		{439DADA2-5B3F-4ADB-A508-3D47C2D0E3ED}.Release|Any CPU.Build.0 = Release|Any CPU
		{EAF8BB78-275F-4945-8B63-4A68CA41DBCC}.Debug|Any CPU.ActiveCfg = Debug|Any CPU
		{EAF8BB78-275F-4945-8B63-4A68CA41DBCC}.Debug|Any CPU.Build.0 = Debug|Any CPU
		{EAF8BB78-275F-4945-8B63-4A68CA41DBCC}.Release|Any CPU.ActiveCfg = Release|Any CPU
		{EAF8BB78-275F-4945-8B63-4A68CA41DBCC}.Release|Any CPU.Build.0 = Release|Any CPU
		{B66BA420-0A00-40F4-B96B-69F9F139930F}.Debug|Any CPU.ActiveCfg = Debug|Any CPU
		{B66BA420-0A00-40F4-B96B-69F9F139930F}.Debug|Any CPU.Build.0 = Debug|Any CPU
		{B66BA420-0A00-40F4-B96B-69F9F139930F}.Release|Any CPU.ActiveCfg = Release|Any CPU
		{B66BA420-0A00-40F4-B96B-69F9F139930F}.Release|Any CPU.Build.0 = Release|Any CPU
	EndGlobalSection
	GlobalSection(SolutionProperties) = preSolution
		HideSolutionNode = FALSE
	EndGlobalSection
	GlobalSection(NestedProjects) = preSolution
		{CF484680-DEB0-40D4-84AD-5CC713CB2BE3} = {2D66AB13-0A0A-47C0-9CCF-D0FB83A3D4E8}
		{FA91E66E-ABE4-4C65-B27F-45AF3084BF7F} = {6AF1DA64-8D62-4898-A7E6-2647850F9BD8}
		{673A7F15-E2CB-4DB0-A746-AC1E51A74C0C} = {6AF1DA64-8D62-4898-A7E6-2647850F9BD8}
		{B7719A2F-E913-440F-B929-A4278F93E2C7} = {6AF1DA64-8D62-4898-A7E6-2647850F9BD8}
		{A50328FC-6A57-4F56-B4D4-D9DDB0560033} = {FA91E66E-ABE4-4C65-B27F-45AF3084BF7F}
		{CCC3C0D7-06B2-463F-B979-4D948109E9E0} = {FA91E66E-ABE4-4C65-B27F-45AF3084BF7F}
		{911F2689-6976-4428-B1AE-214B4169A192} = {071DB255-22D1-4323-AB5F-55A5B79F83CF}
		{439DADA2-5B3F-4ADB-A508-3D47C2D0E3ED} = {071DB255-22D1-4323-AB5F-55A5B79F83CF}
		{F3B63E39-F392-4105-926D-C2BE3C9AFD8C} = {071DB255-22D1-4323-AB5F-55A5B79F83CF}
		{EAF8BB78-275F-4945-8B63-4A68CA41DBCC} = {F3B63E39-F392-4105-926D-C2BE3C9AFD8C}
		{B66BA420-0A00-40F4-B96B-69F9F139930F} = {F3B63E39-F392-4105-926D-C2BE3C9AFD8C}
	EndGlobalSection
	GlobalSection(ExtensibilityGlobals) = postSolution
		SolutionGuid = {49284E09-50CA-4230-ACB1-B01D77161644}
	EndGlobalSection
EndGlobal
